
Microsoft Visual Studio Solution File, Format Version 12.00
# Visual Studio Version 17
VisualStudioVersion = 17.1.32414.318
MinimumVisualStudioVersion = 10.0.40219.1
Project("{FAE04EC0-301F-11D3-BF4B-00C04F79EFBC}") = "Timer", "Udemy_Timer\Timer.csproj", "{2C2A4B2D-7BBF-428C-BE59-97D6ACA8A14D}"
EndProject
Global
	GlobalSection(SolutionConfigurationPlatforms) = preSolution
		Debug|Any CPU = Debug|Any CPU
		Release|Any CPU = Release|Any CPU
	EndGlobalSection
	GlobalSection(ProjectConfigurationPlatforms) = postSolution
		{2C2A4B2D-7BBF-428C-BE59-97D6ACA8A14D}.Debug|Any CPU.ActiveCfg = Debug|Any CPU
		{2C2A4B2D-7BBF-428C-BE59-97D6ACA8A14D}.Debug|Any CPU.Build.0 = Debug|Any CPU
		{2C2A4B2D-7BBF-428C-BE59-97D6ACA8A14D}.Release|Any CPU.ActiveCfg = Release|Any CPU
		{2C2A4B2D-7BBF-428C-BE59-97D6ACA8A14D}.Release|Any CPU.Build.0 = Release|Any CPU
	EndGlobalSection
	GlobalSection(SolutionProperties) = preSolution
		HideSolutionNode = FALSE
	EndGlobalSection
	GlobalSection(ExtensibilityGlobals) = postSolution
		SolutionGuid = {29294953-2474-4B40-8A62-1619699AB3E7}
	EndGlobalSection
EndGlobal
